
Microsoft Visual Studio Solution File, Format Version 12.00
# Visual Studio 14
VisualStudioVersion = 14.0.23107.0
MinimumVisualStudioVersion = 10.0.40219.1
Project("{2150E333-8FDC-42A3-9474-1A3956D46DE8}") = "LearnTamil", "LearnTamil", "{E21E795E-1DA6-4549-B8B8-564317BA94F3}"
EndProject
Project("{D954291E-2A0B-460D-934E-DC6B0785DB48}") = "LearnTamil.Shared", "App10\App10.Shared\LearnTamil.Shared.shproj", "{E7253C4E-C82F-4585-BB9F-9709BB8B652A}"
EndProject
Project("{FAE04EC0-301F-11D3-BF4B-00C04F79EFBC}") = "LearnTamil.Windows", "App10\App10.Windows\LearnTamil.Windows.csproj", "{5D2A79CE-023D-45C0-885C-2DF5AE0D2A08}"
EndProject
Project("{FAE04EC0-301F-11D3-BF4B-00C04F79EFBC}") = "LearnTamil.WindowsPhone", "App10\App10.WindowsPhone\LearnTamil.WindowsPhone.csproj", "{B2585846-6208-449E-8150-3711507D6F3B}"
EndProject
Global
	GlobalSection(SharedMSBuildProjectFiles) = preSolution
		App10\App10.Shared\App10.Shared.projitems*{e7253c4e-c82f-4585-bb9f-9709bb8b652a}*SharedItemsImports = 13
		App10\App10.Shared\App10.Shared.projitems*{b2585846-6208-449e-8150-3711507d6f3b}*SharedItemsImports = 4
		App10\App10.Shared\App10.Shared.projitems*{5d2a79ce-023d-45c0-885c-2df5ae0d2a08}*SharedItemsImports = 4
	EndGlobalSection
	GlobalSection(SolutionConfigurationPlatforms) = preSolution
		Debug|Any CPU = Debug|Any CPU
		Debug|ARM = Debug|ARM
		Debug|x64 = Debug|x64
		Debug|x86 = Debug|x86
		Release|Any CPU = Release|Any CPU
		Release|ARM = Release|ARM
		Release|x64 = Release|x64
		Release|x86 = Release|x86
	EndGlobalSection
	GlobalSection(ProjectConfigurationPlatforms) = postSolution
		{5D2A79CE-023D-45C0-885C-2DF5AE0D2A08}.Debug|Any CPU.ActiveCfg = Debug|Any CPU
		{5D2A79CE-023D-45C0-885C-2DF5AE0D2A08}.Debug|Any CPU.Build.0 = Debug|Any CPU
		{5D2A79CE-023D-45C0-885C-2DF5AE0D2A08}.Debug|Any CPU.Deploy.0 = Debug|Any CPU
		{5D2A79CE-023D-45C0-885C-2DF5AE0D2A08}.Debug|ARM.ActiveCfg = Debug|ARM
		{5D2A79CE-023D-45C0-885C-2DF5AE0D2A08}.Debug|ARM.Build.0 = Debug|ARM
		{5D2A79CE-023D-45C0-885C-2DF5AE0D2A08}.Debug|ARM.Deploy.0 = Debug|ARM
		{5D2A79CE-023D-45C0-885C-2DF5AE0D2A08}.Debug|x64.ActiveCfg = Debug|x64
		{5D2A79CE-023D-45C0-885C-2DF5AE0D2A08}.Debug|x64.Build.0 = Debug|x64
		{5D2A79CE-023D-45C0-885C-2DF5AE0D2A08}.Debug|x64.Deploy.0 = Debug|x64
		{5D2A79CE-023D-45C0-885C-2DF5AE0D2A08}.Debug|x86.ActiveCfg = Debug|x86
		{5D2A79CE-023D-45C0-885C-2DF5AE0D2A08}.Debug|x86.Build.0 = Debug|x86
		{5D2A79CE-023D-45C0-885C-2DF5AE0D2A08}.Debug|x86.Deploy.0 = Debug|x86
		{5D2A79CE-023D-45C0-885C-2DF5AE0D2A08}.Release|Any CPU.ActiveCfg = Release|Any CPU
		{5D2A79CE-023D-45C0-885C-2DF5AE0D2A08}.Release|Any CPU.Build.0 = Release|Any CPU
		{5D2A79CE-023D-45C0-885C-2DF5AE0D2A08}.Release|Any CPU.Deploy.0 = Release|Any CPU
		{5D2A79CE-023D-45C0-885C-2DF5AE0D2A08}.Release|ARM.ActiveCfg = Release|ARM
		{5D2A79CE-023D-45C0-885C-2DF5AE0D2A08}.Release|ARM.Build.0 = Release|ARM
		{5D2A79CE-023D-45C0-885C-2DF5AE0D2A08}.Release|ARM.Deploy.0 = Release|ARM
		{5D2A79CE-023D-45C0-885C-2DF5AE0D2A08}.Release|x64.ActiveCfg = Release|x64
		{5D2A79CE-023D-45C0-885C-2DF5AE0D2A08}.Release|x64.Build.0 = Release|x64
		{5D2A79CE-023D-45C0-885C-2DF5AE0D2A08}.Release|x64.Deploy.0 = Release|x64
		{5D2A79CE-023D-45C0-885C-2DF5AE0D2A08}.Release|x86.ActiveCfg = Release|x86
		{5D2A79CE-023D-45C0-885C-2DF5AE0D2A08}.Release|x86.Build.0 = Release|x86
		{5D2A79CE-023D-45C0-885C-2DF5AE0D2A08}.Release|x86.Deploy.0 = Release|x86
		{B2585846-6208-449E-8150-3711507D6F3B}.Debug|Any CPU.ActiveCfg = Debug|Any CPU
		{B2585846-6208-449E-8150-3711507D6F3B}.Debug|Any CPU.Build.0 = Debug|Any CPU
		{B2585846-6208-449E-8150-3711507D6F3B}.Debug|Any CPU.Deploy.0 = Debug|Any CPU
		{B2585846-6208-449E-8150-3711507D6F3B}.Debug|ARM.ActiveCfg = Debug|ARM
		{B2585846-6208-449E-8150-3711507D6F3B}.Debug|ARM.Build.0 = Debug|ARM
		{B2585846-6208-449E-8150-3711507D6F3B}.Debug|ARM.Deploy.0 = Debug|ARM
		{B2585846-6208-449E-8150-3711507D6F3B}.Debug|x64.ActiveCfg = Debug|Any CPU
		{B2585846-6208-449E-8150-3711507D6F3B}.Debug|x64.Build.0 = Debug|Any CPU
		{B2585846-6208-449E-8150-3711507D6F3B}.Debug|x64.Deploy.0 = Debug|Any CPU
		{B2585846-6208-449E-8150-3711507D6F3B}.Debug|x86.ActiveCfg = Debug|x86
		{B2585846-6208-449E-8150-3711507D6F3B}.Debug|x86.Build.0 = Debug|x86
		{B2585846-6208-449E-8150-3711507D6F3B}.Debug|x86.Deploy.0 = Debug|x86
		{B2585846-6208-449E-8150-3711507D6F3B}.Release|Any CPU.ActiveCfg = Release|Any CPU
		{B2585846-6208-449E-8150-3711507D6F3B}.Release|Any CPU.Build.0 = Release|Any CPU
		{B2585846-6208-449E-8150-3711507D6F3B}.Release|Any CPU.Deploy.0 = Release|Any CPU
		{B2585846-6208-449E-8150-3711507D6F3B}.Release|ARM.ActiveCfg = Release|ARM
		{B2585846-6208-449E-8150-3711507D6F3B}.Release|ARM.Build.0 = Release|ARM
		{B2585846-6208-449E-8150-3711507D6F3B}.Release|ARM.Deploy.0 = Release|ARM
		{B2585846-6208-449E-8150-3711507D6F3B}.Release|x64.ActiveCfg = Release|Any CPU
		{B2585846-6208-449E-8150-3711507D6F3B}.Release|x64.Build.0 = Release|Any CPU
		{B2585846-6208-449E-8150-3711507D6F3B}.Release|x64.Deploy.0 = Release|Any CPU
		{B2585846-6208-449E-8150-3711507D6F3B}.Release|x86.ActiveCfg = Release|x86
		{B2585846-6208-449E-8150-3711507D6F3B}.Release|x86.Build.0 = Release|x86
		{B2585846-6208-449E-8150-3711507D6F3B}.Release|x86.Deploy.0 = Release|x86
	EndGlobalSection
	GlobalSection(SolutionProperties) = preSolution
		HideSolutionNode = FALSE
	EndGlobalSection
	GlobalSection(NestedProjects) = preSolution
		{E7253C4E-C82F-4585-BB9F-9709BB8B652A} = {E21E795E-1DA6-4549-B8B8-564317BA94F3}
		{5D2A79CE-023D-45C0-885C-2DF5AE0D2A08} = {E21E795E-1DA6-4549-B8B8-564317BA94F3}
		{B2585846-6208-449E-8150-3711507D6F3B} = {E21E795E-1DA6-4549-B8B8-564317BA94F3}
	EndGlobalSection
EndGlobal
